Microsoft Visual Studio Solution File, Format Version 11.00
# Visual Studio 2008

Project("{B02D3DE0-220C-22D1-7071-1E917F350610}") = "GameZ_proj", "Assembly-CSharp.csproj", "{796DA181-D264-2D95-7C23-89FA4BE9DE30}"
EndProject
Project("{B02D3DE0-220C-22D1-7071-1E917F350610}") = "GameZ_proj", "Assembly-CSharp-Editor.csproj", "{AA3BD66F-B831-2464-5A07-C2AEDFD52135}"
EndProject
Global
	GlobalSection(SolutionConfigurationPlatforms) = preSolution
		Debug|Any CPU = Debug|Any CPU
		Release|Any CPU = Release|Any CPU
	EndGlobalSection
	GlobalSection(ProjectConfigurationPlatforms) = postSolution
		{796DA181-D264-2D95-7C23-89FA4BE9DE30}.Debug|Any CPU.ActiveCfg = Debug|Any CPU
		{796DA181-D264-2D95-7C23-89FA4BE9DE30}.Debug|Any CPU.Build.0 = Debug|Any CPU
		{796DA181-D264-2D95-7C23-89FA4BE9DE30}.Release|Any CPU.ActiveCfg = Release|Any CPU
		{796DA181-D264-2D95-7C23-89FA4BE9DE30}.Release|Any CPU.Build.0 = Release|Any CPU
		{AA3BD66F-B831-2464-5A07-C2AEDFD52135}.Debug|Any CPU.ActiveCfg = Debug|Any CPU
		{AA3BD66F-B831-2464-5A07-C2AEDFD52135}.Debug|Any CPU.Build.0 = Debug|Any CPU
		{AA3BD66F-B831-2464-5A07-C2AEDFD52135}.Release|Any CPU.ActiveCfg = Release|Any CPU
		{AA3BD66F-B831-2464-5A07-C2AEDFD52135}.Release|Any CPU.Build.0 = Release|Any CPU
	EndGlobalSection
	GlobalSection(SolutionProperties) = preSolution
		HideSolutionNode = FALSE
	EndGlobalSection
																																					GlobalSection(MonoDevelopProperties) = preSolution
		StartupItem = Assembly-CSharp.csproj
		Policies = $0
		$0.TextStylePolicy = $1
		$1.inheritsSet = null
		$1.scope = text/x-csharp
		$0.CSharpFormattingPolicy = $2
		$2.inheritsSet = Mono
		$2.inheritsScope = text/x-csharp
		$2.scope = text/x-csharp
		$0.TextStylePolicy = $3
		$3.FileWidth = 120
		$3.TabWidth = 4
		$3.EolMarker = Unix
		$3.inheritsSet = Mono
		$3.inheritsScope = text/plain
		$3.scope = text/plain
	EndGlobalSection

EndGlobal
